
Microsoft Visual Studio Solution File, Format Version 12.00
# Visual Studio Version 17
VisualStudioVersion = 17.11.35327.3
MinimumVisualStudioVersion = 10.0.40219.1
Project("{8BC9CEB8-8B4A-11D0-8D11-00A0C91BC942}") = "laba2-1", "laba2Proga.vcxproj", "{2F7A1F11-857D-4BC6-B023-5504C2B0E012}"
EndProject
Project("{8BC9CEB8-8B4A-11D0-8D11-00A0C91BC942}") = "laba2-3", "..\laba2-3\laba2-3.vcxproj", "{856FAD32-B95C-4937-B6CE-C82897BF6BC4}"
EndProject
Project("{8BC9CEB8-8B4A-11D0-8D11-00A0C91BC942}") = "laba3-1", "..\laba3-1\laba3-1.vcxproj", "{ECBCF579-7CF4-455A-A560-F9945C00492A}"
EndProject
Project("{8BC9CEB8-8B4A-11D0-8D11-00A0C91BC942}") = "laba3-2", "..\laba3-2\laba3-2.vcxproj", "{FF597C2D-8BC8-4B5A-A96A-C4948CCE3ADF}"
EndProject
Project("{8BC9CEB8-8B4A-11D0-8D11-00A0C91BC942}") = "laba3-3", "..\laba3-3\laba3-3.vcxproj", "{836AE741-A868-4869-A2ED-34AB2F2D321A}"
EndProject
Project("{8BC9CEB8-8B4A-11D0-8D11-00A0C91BC942}") = "laba3-4", "..\laba3-4\laba3-4.vcxproj", "{8F9B55B6-4BC0-4B43-A1EA-ED00260AA28F}"
EndProject
Project("{8BC9CEB8-8B4A-11D0-8D11-00A0C91BC942}") = "laba4-1", "..\laba4-1\laba4-1.vcxproj", "{F7384ACC-2246-4F31-8F41-339F7FC25D73}"
EndProject
Project("{8BC9CEB8-8B4A-11D0-8D11-00A0C91BC942}") = "laba4-2", "..\laba4-2\laba4-2.vcxproj", "{068CF378-8D35-439E-B183-38F950F770B9}"
EndProject
Project("{8BC9CEB8-8B4A-11D0-8D11-00A0C91BC942}") = "laba4-3", "..\laba4-3\laba4-3.vcxproj", "{90968376-2820-4105-9772-1C69244906FF}"
EndProject
Project("{8BC9CEB8-8B4A-11D0-8D11-00A0C91BC942}") = "laba5-1", "..\laba5-1\laba5-1.vcxproj", "{238DE721-0251-4A79-A8C2-0DF018CFFC9C}"
EndProject
Project("{8BC9CEB8-8B4A-11D0-8D11-00A0C91BC942}") = "laba5-2", "..\laba5-2\laba5-2.vcxproj", "{212C7FD2-3238-41FD-8B05-1F947AC6FA57}"
EndProject
Project("{8BC9CEB8-8B4A-11D0-8D11-00A0C91BC942}") = "laba6-1", "..\laba6-1\laba6-1.vcxproj", "{42DDA17F-BF21-41A6-B078-C1022B8E0FD9}"
EndProject
Project("{8BC9CEB8-8B4A-11D0-8D11-00A0C91BC942}") = "laba6-2", "..\laba6-2\laba6-2.vcxproj", "{04F9E537-FDF5-4979-AB95-C2ECC04C2EB9}"
EndProject
Project("{8BC9CEB8-8B4A-11D0-8D11-00A0C91BC942}") = "laba7", "..\laba7\laba7.vcxproj", "{C4FA3A23-0FEC-4AA4-BEFE-2FE65DE8789B}"
EndProject
Project("{8BC9CEB8-8B4A-11D0-8D11-00A0C91BC942}") = "laba8-1", "..\laba8-1\laba8-1.vcxproj", "{42831B36-5028-4058-ABAA-B1F1DD17897C}"
EndProject
Project("{8BC9CEB8-8B4A-11D0-8D11-00A0C91BC942}") = "laba8-2", "..\laba8-2\laba8-2.vcxproj", "{48B58729-C1E2-415C-B3AA-CC7D5CE1BD45}"
EndProject
Project("{8BC9CEB8-8B4A-11D0-8D11-00A0C91BC942}") = "laba9-1", "..\laba9-1\laba9-1.vcxproj", "{A275754B-E0AB-4D17-8BD2-85F421BA89F8}"
EndProject
Project("{8BC9CEB8-8B4A-11D0-8D11-00A0C91BC942}") = "laba9-2", "..\laba9-2\laba9-2.vcxproj", "{BB82994E-1DE1-4E11-9DA7-6AE3105B3E75}"
EndProject
Project("{8BC9CEB8-8B4A-11D0-8D11-00A0C91BC942}") = "laba2-2", "..\laba2-2\laba2-2.vcxproj", "{C17219B5-6025-4C2E-97F5-7834B2E4654F}"
EndProject
Global
	GlobalSection(SolutionConfigurationPlatforms) = preSolution
		Debug|x64 = Debug|x64
		Debug|x86 = Debug|x86
		Release|x64 = Release|x64
		Release|x86 = Release|x86
	EndGlobalSection
	GlobalSection(ProjectConfigurationPlatforms) = postSolution
		{2F7A1F11-857D-4BC6-B023-5504C2B0E012}.Debug|x64.ActiveCfg = Debug|x64
		{2F7A1F11-857D-4BC6-B023-5504C2B0E012}.Debug|x64.Build.0 = Debug|x64
		{2F7A1F11-857D-4BC6-B023-5504C2B0E012}.Debug|x86.ActiveCfg = Debug|Win32
		{2F7A1F11-857D-4BC6-B023-5504C2B0E012}.Debug|x86.Build.0 = Debug|Win32
		{2F7A1F11-857D-4BC6-B023-5504C2B0E012}.Release|x64.ActiveCfg = Release|x64
		{2F7A1F11-857D-4BC6-B023-5504C2B0E012}.Release|x64.Build.0 = Release|x64
		{2F7A1F11-857D-4BC6-B023-5504C2B0E012}.Release|x86.ActiveCfg = Release|Win32
		{2F7A1F11-857D-4BC6-B023-5504C2B0E012}.Release|x86.Build.0 = Release|Win32
		{856FAD32-B95C-4937-B6CE-C82897BF6BC4}.Debug|x64.ActiveCfg = Debug|x64
		{856FAD32-B95C-4937-B6CE-C82897BF6BC4}.Debug|x64.Build.0 = Debug|x64
		{856FAD32-B95C-4937-B6CE-C82897BF6BC4}.Debug|x86.ActiveCfg = Debug|Win32
		{856FAD32-B95C-4937-B6CE-C82897BF6BC4}.Debug|x86.Build.0 = Debug|Win32
		{856FAD32-B95C-4937-B6CE-C82897BF6BC4}.Release|x64.ActiveCfg = Release|x64
		{856FAD32-B95C-4937-B6CE-C82897BF6BC4}.Release|x64.Build.0 = Release|x64
		{856FAD32-B95C-4937-B6CE-C82897BF6BC4}.Release|x86.ActiveCfg = Release|Win32
		{856FAD32-B95C-4937-B6CE-C82897BF6BC4}.Release|x86.Build.0 = Release|Win32
		{ECBCF579-7CF4-455A-A560-F9945C00492A}.Debug|x64.ActiveCfg = Debug|x64
		{ECBCF579-7CF4-455A-A560-F9945C00492A}.Debug|x64.Build.0 = Debug|x64
		{ECBCF579-7CF4-455A-A560-F9945C00492A}.Debug|x86.ActiveCfg = Debug|Win32
		{ECBCF579-7CF4-455A-A560-F9945C00492A}.Debug|x86.Build.0 = Debug|Win32
		{ECBCF579-7CF4-455A-A560-F9945C00492A}.Release|x64.ActiveCfg = Release|x64
		{ECBCF579-7CF4-455A-A560-F9945C00492A}.Release|x64.Build.0 = Release|x64
		{ECBCF579-7CF4-455A-A560-F9945C00492A}.Release|x86.ActiveCfg = Release|Win32
		{ECBCF579-7CF4-455A-A560-F9945C00492A}.Release|x86.Build.0 = Release|Win32
		{FF597C2D-8BC8-4B5A-A96A-C4948CCE3ADF}.Debug|x64.ActiveCfg = Debug|x64
		{FF597C2D-8BC8-4B5A-A96A-C4948CCE3ADF}.Debug|x64.Build.0 = Debug|x64
		{FF597C2D-8BC8-4B5A-A96A-C4948CCE3ADF}.Debug|x86.ActiveCfg = Debug|Win32
		{FF597C2D-8BC8-4B5A-A96A-C4948CCE3ADF}.Debug|x86.Build.0 = Debug|Win32
		{FF597C2D-8BC8-4B5A-A96A-C4948CCE3ADF}.Release|x64.ActiveCfg = Release|x64
		{FF597C2D-8BC8-4B5A-A96A-C4948CCE3ADF}.Release|x64.Build.0 = Release|x64
		{FF597C2D-8BC8-4B5A-A96A-C4948CCE3ADF}.Release|x86.ActiveCfg = Release|Win32
		{FF597C2D-8BC8-4B5A-A96A-C4948CCE3ADF}.Release|x86.Build.0 = Release|Win32
		{836AE741-A868-4869-A2ED-34AB2F2D321A}.Debug|x64.ActiveCfg = Debug|x64
		{836AE741-A868-4869-A2ED-34AB2F2D321A}.Debug|x64.Build.0 = Debug|x64
		{836AE741-A868-4869-A2ED-34AB2F2D321A}.Debug|x86.ActiveCfg = Debug|Win32
		{836AE741-A868-4869-A2ED-34AB2F2D321A}.Debug|x86.Build.0 = Debug|Win32
		{836AE741-A868-4869-A2ED-34AB2F2D321A}.Release|x64.ActiveCfg = Release|x64
		{836AE741-A868-4869-A2ED-34AB2F2D321A}.Release|x64.Build.0 = Release|x64
		{836AE741-A868-4869-A2ED-34AB2F2D321A}.Release|x86.ActiveCfg = Release|Win32
		{836AE741-A868-4869-A2ED-34AB2F2D321A}.Release|x86.Build.0 = Release|Win32
		{8F9B55B6-4BC0-4B43-A1EA-ED00260AA28F}.Debug|x64.ActiveCfg = Debug|x64
		{8F9B55B6-4BC0-4B43-A1EA-ED00260AA28F}.Debug|x64.Build.0 = Debug|x64
		{8F9B55B6-4BC0-4B43-A1EA-ED00260AA28F}.Debug|x86.ActiveCfg = Debug|Win32
		{8F9B55B6-4BC0-4B43-A1EA-ED00260AA28F}.Debug|x86.Build.0 = Debug|Win32
		{8F9B55B6-4BC0-4B43-A1EA-ED00260AA28F}.Release|x64.ActiveCfg = Release|x64
		{8F9B55B6-4BC0-4B43-A1EA-ED00260AA28F}.Release|x64.Build.0 = Release|x64
		{8F9B55B6-4BC0-4B43-A1EA-ED00260AA28F}.Release|x86.ActiveCfg = Release|Win32
		{8F9B55B6-4BC0-4B43-A1EA-ED00260AA28F}.Release|x86.Build.0 = Release|Win32
		{F7384ACC-2246-4F31-8F41-339F7FC25D73}.Debug|x64.ActiveCfg = Debug|x64
		{F7384ACC-2246-4F31-8F41-339F7FC25D73}.Debug|x64.Build.0 = Debug|x64
		{F7384ACC-2246-4F31-8F41-339F7FC25D73}.Debug|x86.ActiveCfg = Debug|Win32
		{F7384ACC-2246-4F31-8F41-339F7FC25D73}.Debug|x86.Build.0 = Debug|Win32
		{F7384ACC-2246-4F31-8F41-339F7FC25D73}.Release|x64.ActiveCfg = Release|x64
		{F7384ACC-2246-4F31-8F41-339F7FC25D73}.Release|x64.Build.0 = Release|x64
		{F7384ACC-2246-4F31-8F41-339F7FC25D73}.Release|x86.ActiveCfg = Release|Win32
		{F7384ACC-2246-4F31-8F41-339F7FC25D73}.Release|x86.Build.0 = Release|Win32
		{068CF378-8D35-439E-B183-38F950F770B9}.Debug|x64.ActiveCfg = Debug|x64
		{068CF378-8D35-439E-B183-38F950F770B9}.Debug|x64.Build.0 = Debug|x64
		{068CF378-8D35-439E-B183-38F950F770B9}.Debug|x86.ActiveCfg = Debug|Win32
		{068CF378-8D35-439E-B183-38F950F770B9}.Debug|x86.Build.0 = Debug|Win32
		{068CF378-8D35-439E-B183-38F950F770B9}.Release|x64.ActiveCfg = Release|x64
		{068CF378-8D35-439E-B183-38F950F770B9}.Release|x64.Build.0 = Release|x64
		{068CF378-8D35-439E-B183-38F950F770B9}.Release|x86.ActiveCfg = Release|Win32
		{068CF378-8D35-439E-B183-38F950F770B9}.Release|x86.Build.0 = Release|Win32
		{90968376-2820-4105-9772-1C69244906FF}.Debug|x64.ActiveCfg = Debug|x64
		{90968376-2820-4105-9772-1C69244906FF}.Debug|x64.Build.0 = Debug|x64
		{90968376-2820-4105-9772-1C69244906FF}.Debug|x86.ActiveCfg = Debug|Win32
		{90968376-2820-4105-9772-1C69244906FF}.Debug|x86.Build.0 = Debug|Win32
		{90968376-2820-4105-9772-1C69244906FF}.Release|x64.ActiveCfg = Release|x64
		{90968376-2820-4105-9772-1C69244906FF}.Release|x64.Build.0 = Release|x64
		{90968376-2820-4105-9772-1C69244906FF}.Release|x86.ActiveCfg = Release|Win32
		{90968376-2820-4105-9772-1C69244906FF}.Release|x86.Build.0 = Release|Win32
		{238DE721-0251-4A79-A8C2-0DF018CFFC9C}.Debug|x64.ActiveCfg = Debug|x64
		{238DE721-0251-4A79-A8C2-0DF018CFFC9C}.Debug|x64.Build.0 = Debug|x64
		{238DE721-0251-4A79-A8C2-0DF018CFFC9C}.Debug|x86.ActiveCfg = Debug|Win32
		{238DE721-0251-4A79-A8C2-0DF018CFFC9C}.Debug|x86.Build.0 = Debug|Win32
		{238DE721-0251-4A79-A8C2-0DF018CFFC9C}.Release|x64.ActiveCfg = Release|x64
		{238DE721-0251-4A79-A8C2-0DF018CFFC9C}.Release|x64.Build.0 = Release|x64
		{238DE721-0251-4A79-A8C2-0DF018CFFC9C}.Release|x86.ActiveCfg = Release|Win32
		{238DE721-0251-4A79-A8C2-0DF018CFFC9C}.Release|x86.Build.0 = Release|Win32
		{212C7FD2-3238-41FD-8B05-1F947AC6FA57}.Debug|x64.ActiveCfg = Debug|x64
		{212C7FD2-3238-41FD-8B05-1F947AC6FA57}.Debug|x64.Build.0 = Debug|x64
		{212C7FD2-3238-41FD-8B05-1F947AC6FA57}.Debug|x86.ActiveCfg = Debug|Win32
		{212C7FD2-3238-41FD-8B05-1F947AC6FA57}.Debug|x86.Build.0 = Debug|Win32
		{212C7FD2-3238-41FD-8B05-1F947AC6FA57}.Release|x64.ActiveCfg = Release|x64
		{212C7FD2-3238-41FD-8B05-1F947AC6FA57}.Release|x64.Build.0 = Release|x64
		{212C7FD2-3238-41FD-8B05-1F947AC6FA57}.Release|x86.ActiveCfg = Release|Win32
		{212C7FD2-3238-41FD-8B05-1F947AC6FA57}.Release|x86.Build.0 = Release|Win32
		{42DDA17F-BF21-41A6-B078-C1022B8E0FD9}.Debug|x64.ActiveCfg = Debug|x64
		{42DDA17F-BF21-41A6-B078-C1022B8E0FD9}.Debug|x64.Build.0 = Debug|x64
		{42DDA17F-BF21-41A6-B078-C1022B8E0FD9}.Debug|x86.ActiveCfg = Debug|Win32
		{42DDA17F-BF21-41A6-B078-C1022B8E0FD9}.Debug|x86.Build.0 = Debug|Win32
		{42DDA17F-BF21-41A6-B078-C1022B8E0FD9}.Release|x64.ActiveCfg = Release|x64
		{42DDA17F-BF21-41A6-B078-C1022B8E0FD9}.Release|x64.Build.0 = Release|x64
		{42DDA17F-BF21-41A6-B078-C1022B8E0FD9}.Release|x86.ActiveCfg = Release|Win32
		{42DDA17F-BF21-41A6-B078-C1022B8E0FD9}.Release|x86.Build.0 = Release|Win32
		{04F9E537-FDF5-4979-AB95-C2ECC04C2EB9}.Debug|x64.ActiveCfg = Debug|x64
		{04F9E537-FDF5-4979-AB95-C2ECC04C2EB9}.Debug|x64.Build.0 = Debug|x64
		{04F9E537-FDF5-4979-AB95-C2ECC04C2EB9}.Debug|x86.ActiveCfg = Debug|Win32
		{04F9E537-FDF5-4979-AB95-C2ECC04C2EB9}.Debug|x86.Build.0 = Debug|Win32
		{04F9E537-FDF5-4979-AB95-C2ECC04C2EB9}.Release|x64.ActiveCfg = Release|x64
		{04F9E537-FDF5-4979-AB95-C2ECC04C2EB9}.Release|x64.Build.0 = Release|x64
		{04F9E537-FDF5-4979-AB95-C2ECC04C2EB9}.Release|x86.ActiveCfg = Release|Win32
		{04F9E537-FDF5-4979-AB95-C2ECC04C2EB9}.Release|x86.Build.0 = Release|Win32
		{C4FA3A23-0FEC-4AA4-BEFE-2FE65DE8789B}.Debug|x64.ActiveCfg = Debug|x64
		{C4FA3A23-0FEC-4AA4-BEFE-2FE65DE8789B}.Debug|x64.Build.0 = Debug|x64
		{C4FA3A23-0FEC-4AA4-BEFE-2FE65DE8789B}.Debug|x86.ActiveCfg = Debug|Win32
		{C4FA3A23-0FEC-4AA4-BEFE-2FE65DE8789B}.Debug|x86.Build.0 = Debug|Win32
		{C4FA3A23-0FEC-4AA4-BEFE-2FE65DE8789B}.Release|x64.ActiveCfg = Release|x64
		{C4FA3A23-0FEC-4AA4-BEFE-2FE65DE8789B}.Release|x64.Build.0 = Release|x64
		{C4FA3A23-0FEC-4AA4-BEFE-2FE65DE8789B}.Release|x86.ActiveCfg = Release|Win32
		{C4FA3A23-0FEC-4AA4-BEFE-2FE65DE8789B}.Release|x86.Build.0 = Release|Win32
		{42831B36-5028-4058-ABAA-B1F1DD17897C}.Debug|x64.ActiveCfg = Debug|x64
		{42831B36-5028-4058-ABAA-B1F1DD17897C}.Debug|x64.Build.0 = Debug|x64
		{42831B36-5028-4058-ABAA-B1F1DD17897C}.Debug|x86.ActiveCfg = Debug|Win32
		{42831B36-5028-4058-ABAA-B1F1DD17897C}.Debug|x86.Build.0 = Debug|Win32
		{42831B36-5028-4058-ABAA-B1F1DD17897C}.Release|x64.ActiveCfg = Release|x64
		{42831B36-5028-4058-ABAA-B1F1DD17897C}.Release|x64.Build.0 = Release|x64
		{42831B36-5028-4058-ABAA-B1F1DD17897C}.Release|x86.ActiveCfg = Release|Win32
		{42831B36-5028-4058-ABAA-B1F1DD17897C}.Release|x86.Build.0 = Release|Win32
		{48B58729-C1E2-415C-B3AA-CC7D5CE1BD45}.Debug|x64.ActiveCfg = Debug|x64
		{48B58729-C1E2-415C-B3AA-CC7D5CE1BD45}.Debug|x64.Build.0 = Debug|x64
		{48B58729-C1E2-415C-B3AA-CC7D5CE1BD45}.Debug|x86.ActiveCfg = Debug|Win32
		{48B58729-C1E2-415C-B3AA-CC7D5CE1BD45}.Debug|x86.Build.0 = Debug|Win32
		{48B58729-C1E2-415C-B3AA-CC7D5CE1BD45}.Release|x64.ActiveCfg = Release|x64
		{48B58729-C1E2-415C-B3AA-CC7D5CE1BD45}.Release|x64.Build.0 = Release|x64
		{48B58729-C1E2-415C-B3AA-CC7D5CE1BD45}.Release|x86.ActiveCfg = Release|Win32
		{48B58729-C1E2-415C-B3AA-CC7D5CE1BD45}.Release|x86.Build.0 = Release|Win32
		{A275754B-E0AB-4D17-8BD2-85F421BA89F8}.Debug|x64.ActiveCfg = Debug|x64
		{A275754B-E0AB-4D17-8BD2-85F421BA89F8}.Debug|x64.Build.0 = Debug|x64
		{A275754B-E0AB-4D17-8BD2-85F421BA89F8}.Debug|x86.ActiveCfg = Debug|Win32
		{A275754B-E0AB-4D17-8BD2-85F421BA89F8}.Debug|x86.Build.0 = Debug|Win32
		{A275754B-E0AB-4D17-8BD2-85F421BA89F8}.Release|x64.ActiveCfg = Release|x64
		{A275754B-E0AB-4D17-8BD2-85F421BA89F8}.Release|x64.Build.0 = Release|x64
		{A275754B-E0AB-4D17-8BD2-85F421BA89F8}.Release|x86.ActiveCfg = Release|Win32
		{A275754B-E0AB-4D17-8BD2-85F421BA89F8}.Release|x86.Build.0 = Release|Win32
		{BB82994E-1DE1-4E11-9DA7-6AE3105B3E75}.Debug|x64.ActiveCfg = Debug|x64
		{BB82994E-1DE1-4E11-9DA7-6AE3105B3E75}.Debug|x64.Build.0 = Debug|x64
		{BB82994E-1DE1-4E11-9DA7-6AE3105B3E75}.Debug|x86.ActiveCfg = Debug|Win32
		{BB82994E-1DE1-4E11-9DA7-6AE3105B3E75}.Debug|x86.Build.0 = Debug|Win32
		{BB82994E-1DE1-4E11-9DA7-6AE3105B3E75}.Release|x64.ActiveCfg = Release|x64
		{BB82994E-1DE1-4E11-9DA7-6AE3105B3E75}.Release|x64.Build.0 = Release|x64
		{BB82994E-1DE1-4E11-9DA7-6AE3105B3E75}.Release|x86.ActiveCfg = Release|Win32
		{BB82994E-1DE1-4E11-9DA7-6AE3105B3E75}.Release|x86.Build.0 = Release|Win32
		{C17219B5-6025-4C2E-97F5-7834B2E4654F}.Debug|x64.ActiveCfg = Debug|x64
		{C17219B5-6025-4C2E-97F5-7834B2E4654F}.Debug|x64.Build.0 = Debug|x64
		{C17219B5-6025-4C2E-97F5-7834B2E4654F}.Debug|x86.ActiveCfg = Debug|Win32
		{C17219B5-6025-4C2E-97F5-7834B2E4654F}.Debug|x86.Build.0 = Debug|Win32
		{C17219B5-6025-4C2E-97F5-7834B2E4654F}.Release|x64.ActiveCfg = Release|x64
		{C17219B5-6025-4C2E-97F5-7834B2E4654F}.Release|x64.Build.0 = Release|x64
		{C17219B5-6025-4C2E-97F5-7834B2E4654F}.Release|x86.ActiveCfg = Release|Win32
		{C17219B5-6025-4C2E-97F5-7834B2E4654F}.Release|x86.Build.0 = Release|Win32
	EndGlobalSection
	GlobalSection(SolutionProperties) = preSolution
		HideSolutionNode = FALSE
	EndGlobalSection
	GlobalSection(ExtensibilityGlobals) = postSolution
		SolutionGuid = {45F3E21A-DD36-4CB3-8FE2-DECF40D3C1B1}
	EndGlobalSection
EndGlobal
